
Microsoft Visual Studio Solution File, Format Version 12.00
# Visual Studio Version 17
VisualStudioVersion = 17.4.33103.184
MinimumVisualStudioVersion = 10.0.40219.1
Project("{FAE04EC0-301F-11D3-BF4B-00C04F79EFBC}") = "ScheduledJobs.Core", "ScheduledJobs.Core\ScheduledJobs.Core.csproj", "{733E32BB-FA85-40B4-A930-E065AAC86981}"
EndProject
Project("{FAE04EC0-301F-11D3-BF4B-00C04F79EFBC}") = "ScheduledJobs.App.Core", "ScheduledJobs.App.Core\ScheduledJobs.App.Core.csproj", "{94507C87-66F8-4A16-B48A-217679FDFA12}"
EndProject
Project("{2150E333-8FDC-42A3-9474-1A3956D46DE8}") = "Applications", "Applications", "{B40DB5F5-4675-404C-A0BF-5F2FC788E457}"
EndProject
Project("{FAE04EC0-301F-11D3-BF4B-00C04F79EFBC}") = "ScheduledJobs.App.ImpExample", "ScheduledJobs.App.ImpExample\ScheduledJobs.App.ImpExample.csproj", "{1F3A4994-B56A-42A7-9FB4-A432EB205265}"
EndProject
Project("{FAE04EC0-301F-11D3-BF4B-00C04F79EFBC}") = "ScheduledJobs.Data", "ScheduledJobs.Data\ScheduledJobs.Data.csproj", "{45DB6EA9-557C-4AFB-8CFD-AFFC17F1B6FD}"
EndProject
Project("{FAE04EC0-301F-11D3-BF4B-00C04F79EFBC}") = "ScheduledJobs.Models", "ScheduledJobs.Models\ScheduledJobs.Models.csproj", "{A2888B45-63D2-40EB-939C-5A1590D333B1}"
EndProject
Global
	GlobalSection(SolutionConfigurationPlatforms) = preSolution
		Debug|Any CPU = Debug|Any CPU
		Release|Any CPU = Release|Any CPU
	EndGlobalSection
	GlobalSection(ProjectConfigurationPlatforms) = postSolution
		{733E32BB-FA85-40B4-A930-E065AAC86981}.Debug|Any CPU.ActiveCfg = Debug|Any CPU
		{733E32BB-FA85-40B4-A930-E065AAC86981}.Debug|Any CPU.Build.0 = Debug|Any CPU
		{733E32BB-FA85-40B4-A930-E065AAC86981}.Release|Any CPU.ActiveCfg = Release|Any CPU
		{733E32BB-FA85-40B4-A930-E065AAC86981}.Release|Any CPU.Build.0 = Release|Any CPU
		{94507C87-66F8-4A16-B48A-217679FDFA12}.Debug|Any CPU.ActiveCfg = Debug|Any CPU
		{94507C87-66F8-4A16-B48A-217679FDFA12}.Debug|Any CPU.Build.0 = Debug|Any CPU
		{94507C87-66F8-4A16-B48A-217679FDFA12}.Release|Any CPU.ActiveCfg = Release|Any CPU
		{94507C87-66F8-4A16-B48A-217679FDFA12}.Release|Any CPU.Build.0 = Release|Any CPU
		{1F3A4994-B56A-42A7-9FB4-A432EB205265}.Debug|Any CPU.ActiveCfg = Debug|Any CPU
		{1F3A4994-B56A-42A7-9FB4-A432EB205265}.Debug|Any CPU.Build.0 = Debug|Any CPU
		{1F3A4994-B56A-42A7-9FB4-A432EB205265}.Release|Any CPU.ActiveCfg = Release|Any CPU
		{1F3A4994-B56A-42A7-9FB4-A432EB205265}.Release|Any CPU.Build.0 = Release|Any CPU
		{45DB6EA9-557C-4AFB-8CFD-AFFC17F1B6FD}.Debug|Any CPU.ActiveCfg = Debug|Any CPU
		{45DB6EA9-557C-4AFB-8CFD-AFFC17F1B6FD}.Debug|Any CPU.Build.0 = Debug|Any CPU
		{45DB6EA9-557C-4AFB-8CFD-AFFC17F1B6FD}.Release|Any CPU.ActiveCfg = Release|Any CPU
		{45DB6EA9-557C-4AFB-8CFD-AFFC17F1B6FD}.Release|Any CPU.Build.0 = Release|Any CPU
		{A2888B45-63D2-40EB-939C-5A1590D333B1}.Debug|Any CPU.ActiveCfg = Debug|Any CPU
		{A2888B45-63D2-40EB-939C-5A1590D333B1}.Debug|Any CPU.Build.0 = Debug|Any CPU
		{A2888B45-63D2-40EB-939C-5A1590D333B1}.Release|Any CPU.ActiveCfg = Release|Any CPU
		{A2888B45-63D2-40EB-939C-5A1590D333B1}.Release|Any CPU.Build.0 = Release|Any CPU
	EndGlobalSection
	GlobalSection(SolutionProperties) = preSolution
		HideSolutionNode = FALSE
	EndGlobalSection
	GlobalSection(NestedProjects) = preSolution
		{1F3A4994-B56A-42A7-9FB4-A432EB205265} = {B40DB5F5-4675-404C-A0BF-5F2FC788E457}
	EndGlobalSection
	GlobalSection(ExtensibilityGlobals) = postSolution
		SolutionGuid = {429F302F-6785-485F-8286-B579817761D6}
	EndGlobalSection
EndGlobal
